
Microsoft Visual Studio Solution File, Format Version 12.00
# Visual Studio Version 16
VisualStudioVersion = 16.0.30413.136
MinimumVisualStudioVersion = 10.0.40219.1
Project("{FAE04EC0-301F-11D3-BF4B-00C04F79EFBC}") = "KonusarakOgren.Core", "KonusarakOgren.Core\KonusarakOgren.Core.csproj", "{AEFAA9EF-6750-4E54-B3A5-3E36566E8637}"
EndProject
Project("{FAE04EC0-301F-11D3-BF4B-00C04F79EFBC}") = "KonusarakOgren.Quiz.Entities", "KonusarakOgren.Quiz.Entities\KonusarakOgren.Quiz.Entities.csproj", "{7C298EB2-12B3-492E-8198-75F75A7D644F}"
EndProject
Project("{FAE04EC0-301F-11D3-BF4B-00C04F79EFBC}") = "KonusarakOgren.Quiz.DataAccess", "KonusarakOgren.Quiz.DataAccess\KonusarakOgren.Quiz.DataAccess.csproj", "{CDC1C60F-C5C7-4965-919A-1507C4C5A546}"
EndProject
Project("{FAE04EC0-301F-11D3-BF4B-00C04F79EFBC}") = "KonusarakOgren.Quiz.Business", "Business\KonusarakOgren.Quiz.Business.csproj", "{C830C10E-C35A-4181-BDA3-A6FC6539A1CE}"
EndProject
Project("{FAE04EC0-301F-11D3-BF4B-00C04F79EFBC}") = "KonusarakOgren.Quiz.MvcWebUI", "KonusarakOgren.Quiz.MvcWebUI\KonusarakOgren.Quiz.MvcWebUI.csproj", "{79E86AC6-A41A-4F3F-B535-04C17ADD86BC}"
EndProject
Global
	GlobalSection(SolutionConfigurationPlatforms) = preSolution
		Debug|Any CPU = Debug|Any CPU
		Release|Any CPU = Release|Any CPU
	EndGlobalSection
	GlobalSection(ProjectConfigurationPlatforms) = postSolution
		{AEFAA9EF-6750-4E54-B3A5-3E36566E8637}.Debug|Any CPU.ActiveCfg = Debug|Any CPU
		{AEFAA9EF-6750-4E54-B3A5-3E36566E8637}.Debug|Any CPU.Build.0 = Debug|Any CPU
		{AEFAA9EF-6750-4E54-B3A5-3E36566E8637}.Release|Any CPU.ActiveCfg = Release|Any CPU
		{AEFAA9EF-6750-4E54-B3A5-3E36566E8637}.Release|Any CPU.Build.0 = Release|Any CPU
		{7C298EB2-12B3-492E-8198-75F75A7D644F}.Debug|Any CPU.ActiveCfg = Debug|Any CPU
		{7C298EB2-12B3-492E-8198-75F75A7D644F}.Debug|Any CPU.Build.0 = Debug|Any CPU
		{7C298EB2-12B3-492E-8198-75F75A7D644F}.Release|Any CPU.ActiveCfg = Release|Any CPU
		{7C298EB2-12B3-492E-8198-75F75A7D644F}.Release|Any CPU.Build.0 = Release|Any CPU
		{CDC1C60F-C5C7-4965-919A-1507C4C5A546}.Debug|Any CPU.ActiveCfg = Debug|Any CPU
		{CDC1C60F-C5C7-4965-919A-1507C4C5A546}.Debug|Any CPU.Build.0 = Debug|Any CPU
		{CDC1C60F-C5C7-4965-919A-1507C4C5A546}.Release|Any CPU.ActiveCfg = Release|Any CPU
		{CDC1C60F-C5C7-4965-919A-1507C4C5A546}.Release|Any CPU.Build.0 = Release|Any CPU
		{C830C10E-C35A-4181-BDA3-A6FC6539A1CE}.Debug|Any CPU.ActiveCfg = Debug|Any CPU
		{C830C10E-C35A-4181-BDA3-A6FC6539A1CE}.Debug|Any CPU.Build.0 = Debug|Any CPU
		{C830C10E-C35A-4181-BDA3-A6FC6539A1CE}.Release|Any CPU.ActiveCfg = Release|Any CPU
		{C830C10E-C35A-4181-BDA3-A6FC6539A1CE}.Release|Any CPU.Build.0 = Release|Any CPU
		{79E86AC6-A41A-4F3F-B535-04C17ADD86BC}.Debug|Any CPU.ActiveCfg = Debug|Any CPU
		{79E86AC6-A41A-4F3F-B535-04C17ADD86BC}.Debug|Any CPU.Build.0 = Debug|Any CPU
		{79E86AC6-A41A-4F3F-B535-04C17ADD86BC}.Release|Any CPU.ActiveCfg = Release|Any CPU
		{79E86AC6-A41A-4F3F-B535-04C17ADD86BC}.Release|Any CPU.Build.0 = Release|Any CPU
	EndGlobalSection
	GlobalSection(SolutionProperties) = preSolution
		HideSolutionNode = FALSE
	EndGlobalSection
	GlobalSection(ExtensibilityGlobals) = postSolution
		SolutionGuid = {2C26F0BE-AF25-4B14-A6F9-1041563E89AC}
	EndGlobalSection
EndGlobal
